
Microsoft Visual Studio Solution File, Format Version 12.00
# Visual Studio 2013
VisualStudioVersion = 12.0.30501.0
MinimumVisualStudioVersion = 10.0.40219.1
Project("{FAE04EC0-301F-11D3-BF4B-00C04F79EFBC}") = "UniversityEntityApp", "UniversityEntityApp\UniversityEntityApp.csproj", "{80337009-61BD-4300-A446-66F7DA4B3D73}"
EndProject
Project("{FAE04EC0-301F-11D3-BF4B-00C04F79EFBC}") = "DAL", "DAL\DAL.csproj", "{5A7DFA23-F9EA-4EA6-8CD2-ADAACE3DE5D2}"
EndProject
Project("{FAE04EC0-301F-11D3-BF4B-00C04F79EFBC}") = "DBModels", "DBModels\DBModels.csproj", "{5E3B07D7-68D8-41EE-A88D-03FA29C785D8}"
EndProject
Project("{FAE04EC0-301F-11D3-BF4B-00C04F79EFBC}") = "BLL", "BLL\BLL.csproj", "{038DBDCD-820A-45AB-9492-94CE38966B67}"
EndProject
Project("{FAE04EC0-301F-11D3-BF4B-00C04F79EFBC}") = "UniversityWeb", "UniversityWeb\UniversityWeb.csproj", "{DB055CCD-8CAC-4660-AA31-F22D36FC9CE2}"
EndProject
Global
	GlobalSection(SolutionConfigurationPlatforms) = preSolution
		Debug|Any CPU = Debug|Any CPU
		Release|Any CPU = Release|Any CPU
	EndGlobalSection
	GlobalSection(ProjectConfigurationPlatforms) = postSolution
		{80337009-61BD-4300-A446-66F7DA4B3D73}.Debug|Any CPU.ActiveCfg = Debug|Any CPU
		{80337009-61BD-4300-A446-66F7DA4B3D73}.Debug|Any CPU.Build.0 = Debug|Any CPU
		{80337009-61BD-4300-A446-66F7DA4B3D73}.Release|Any CPU.ActiveCfg = Release|Any CPU
		{80337009-61BD-4300-A446-66F7DA4B3D73}.Release|Any CPU.Build.0 = Release|Any CPU
		{5A7DFA23-F9EA-4EA6-8CD2-ADAACE3DE5D2}.Debug|Any CPU.ActiveCfg = Debug|Any CPU
		{5A7DFA23-F9EA-4EA6-8CD2-ADAACE3DE5D2}.Debug|Any CPU.Build.0 = Debug|Any CPU
		{5A7DFA23-F9EA-4EA6-8CD2-ADAACE3DE5D2}.Release|Any CPU.ActiveCfg = Release|Any CPU
		{5A7DFA23-F9EA-4EA6-8CD2-ADAACE3DE5D2}.Release|Any CPU.Build.0 = Release|Any CPU
		{5E3B07D7-68D8-41EE-A88D-03FA29C785D8}.Debug|Any CPU.ActiveCfg = Debug|Any CPU
		{5E3B07D7-68D8-41EE-A88D-03FA29C785D8}.Debug|Any CPU.Build.0 = Debug|Any CPU
		{5E3B07D7-68D8-41EE-A88D-03FA29C785D8}.Release|Any CPU.ActiveCfg = Release|Any CPU
		{5E3B07D7-68D8-41EE-A88D-03FA29C785D8}.Release|Any CPU.Build.0 = Release|Any CPU
		{038DBDCD-820A-45AB-9492-94CE38966B67}.Debug|Any CPU.ActiveCfg = Debug|Any CPU
		{038DBDCD-820A-45AB-9492-94CE38966B67}.Debug|Any CPU.Build.0 = Debug|Any CPU
		{038DBDCD-820A-45AB-9492-94CE38966B67}.Release|Any CPU.ActiveCfg = Release|Any CPU
		{038DBDCD-820A-45AB-9492-94CE38966B67}.Release|Any CPU.Build.0 = Release|Any CPU
		{DB055CCD-8CAC-4660-AA31-F22D36FC9CE2}.Debug|Any CPU.ActiveCfg = Debug|Any CPU
		{DB055CCD-8CAC-4660-AA31-F22D36FC9CE2}.Debug|Any CPU.Build.0 = Debug|Any CPU
		{DB055CCD-8CAC-4660-AA31-F22D36FC9CE2}.Release|Any CPU.ActiveCfg = Release|Any CPU
		{DB055CCD-8CAC-4660-AA31-F22D36FC9CE2}.Release|Any CPU.Build.0 = Release|Any CPU
	EndGlobalSection
	GlobalSection(SolutionProperties) = preSolution
		HideSolutionNode = FALSE
	EndGlobalSection
EndGlobal
